
Microsoft Visual Studio Solution File, Format Version 12.00
# Visual Studio 2012
Project("{FAE04EC0-301F-11D3-BF4B-00C04F79EFBC}") = "projekt", "projekt\projekt.csproj", "{50937B98-2461-48B8-9CDB-E9CC77A8EC61}"
EndProject
Global
	GlobalSection(SolutionConfigurationPlatforms) = preSolution
		Debug|x86 = Debug|x86
		Release|x86 = Release|x86
	EndGlobalSection
	GlobalSection(ProjectConfigurationPlatforms) = postSolution
		{50937B98-2461-48B8-9CDB-E9CC77A8EC61}.Debug|x86.ActiveCfg = Debug|x86
		{50937B98-2461-48B8-9CDB-E9CC77A8EC61}.Debug|x86.Build.0 = Debug|x86
		{50937B98-2461-48B8-9CDB-E9CC77A8EC61}.Release|x86.ActiveCfg = Release|x86
		{50937B98-2461-48B8-9CDB-E9CC77A8EC61}.Release|x86.Build.0 = Release|x86
	EndGlobalSection
EndGlobal
